// !$*UTF8*$!
{
	archiveVersion = 1;
	classes = {
	};
	objectVersion = 46;
	objects = {

/* Begin PBXBuildFile section */
		BA5A1EA651ECAE6FE4A861D4 /* libPods-FindBusiness.a in Frameworks */ = {isa = PBXBuildFile; fileRef = 65E8B7FCF5D0C661692FAFFD /* libPods-FindBusiness.a */; };
		D107FB2F1E2323DC000526BF /* BusinessManagerViewController.m in Sources */ = {isa = PBXBuildFile; fileRef = D107FB2D1E2323DC000526BF /* BusinessManagerViewController.m */; };
		D107FB301E2323DC000526BF /* BusinessManagerViewController.xib in Resources */ = {isa = PBXBuildFile; fileRef = D107FB2E1E2323DC000526BF /* BusinessManagerViewController.xib */; };
		D107FB341E232480000526BF /* BusinessCell.m in Sources */ = {isa = PBXBuildFile; fileRef = D107FB321E232480000526BF /* BusinessCell.m */; };
		D107FB351E232480000526BF /* BusinessCell.xib in Resources */ = {isa = PBXBuildFile; fileRef = D107FB331E232480000526BF /* BusinessCell.xib */; };
		D107FB391E232918000526BF /* CreatBusinessVC.m in Sources */ = {isa = PBXBuildFile; fileRef = D107FB371E232918000526BF /* CreatBusinessVC.m */; };
		D107FB3A1E232918000526BF /* CreatBusinessVC.xib in Resources */ = {isa = PBXBuildFile; fileRef = D107FB381E232918000526BF /* CreatBusinessVC.xib */; };
		D107FB3D1E2344C9000526BF /* NSDate+Reversal.m in Sources */ = {isa = PBXBuildFile; fileRef = D107FB3C1E2344C9000526BF /* NSDate+Reversal.m */; };
		D107FB3F1E235D89000526BF /* CoreLocation.framework in Frameworks */ = {isa = PBXBuildFile; fileRef = D107FB3E1E235D89000526BF /* CoreLocation.framework */; };
		D107FB841E237C1C000526BF /* FileManager.m in Sources */ = {isa = PBXBuildFile; fileRef = D107FB831E237C1C000526BF /* FileManager.m */; };
		D107FB8C1E238A05000526BF /* MenuView.m in Sources */ = {isa = PBXBuildFile; fileRef = D107FB8B1E238A05000526BF /* MenuView.m */; };
		D107FB8E1E238A13000526BF /* MenuView.xib in Resources */ = {isa = PBXBuildFile; fileRef = D107FB8D1E238A13000526BF /* MenuView.xib */; };
		D107FB941E238F30000526BF /* ScanViewController.m in Sources */ = {isa = PBXBuildFile; fileRef = D107FB921E238F30000526BF /* ScanViewController.m */; };
		D107FB951E238F30000526BF /* ScanViewController.xib in Resources */ = {isa = PBXBuildFile; fileRef = D107FB931E238F30000526BF /* ScanViewController.xib */; };
		D107FB991E239219000526BF /* AlbumCollectionCell.m in Sources */ = {isa = PBXBuildFile; fileRef = D107FB971E239219000526BF /* AlbumCollectionCell.m */; };
		D107FB9A1E239219000526BF /* AlbumCollectionCell.xib in Resources */ = {isa = PBXBuildFile; fileRef = D107FB981E239219000526BF /* AlbumCollectionCell.xib */; };
		D119D62E1E1C9A9F0038E7AC /* BaseSliderController.m in Sources */ = {isa = PBXBuildFile; fileRef = D119D62C1E1C9A9F0038E7AC /* BaseSliderController.m */; };
		D119D6311E1C9AD50038E7AC /* BaseScrollView.m in Sources */ = {isa = PBXBuildFile; fileRef = D119D6301E1C9AD50038E7AC /* BaseScrollView.m */; };
		D119D6341E1C9BA80038E7AC /* UIKit+BaseExtension.m in Sources */ = {isa = PBXBuildFile; fileRef = D119D6331E1C9BA80038E7AC /* UIKit+BaseExtension.m */; };
		D119D6421E1CCB600038E7AC /* EmptyView.m in Sources */ = {isa = PBXBuildFile; fileRef = D119D6411E1CCB600038E7AC /* EmptyView.m */; };
		D119D6551E1CE2090038E7AC /* NSString+MD5.m in Sources */ = {isa = PBXBuildFile; fileRef = D119D6541E1CE2090038E7AC /* NSString+MD5.m */; };
		D125A40C1E1B367700A4073A /* WebViewController.m in Sources */ = {isa = PBXBuildFile; fileRef = D125A40A1E1B367700A4073A /* WebViewController.m */; };
		D125A40D1E1B367700A4073A /* WebViewController.xib in Resources */ = {isa = PBXBuildFile; fileRef = D125A40B1E1B367700A4073A /* WebViewController.xib */; };
		D125A4121E1B37E500A4073A /* BaseNaviController.m in Sources */ = {isa = PBXBuildFile; fileRef = D125A4111E1B37E500A4073A /* BaseNaviController.m */; };
		D125A4161E1B4BFA00A4073A /* Const.m in Sources */ = {isa = PBXBuildFile; fileRef = D125A4151E1B4BFA00A4073A /* Const.m */; };
		D175270C1E2639A1000135CE /* ExampleView.m in Sources */ = {isa = PBXBuildFile; fileRef = D175270B1E2639A1000135CE /* ExampleView.m */; };
		D175270E1E2639AA000135CE /* View.xib in Resources */ = {isa = PBXBuildFile; fileRef = D175270D1E2639AA000135CE /* View.xib */; };
		D17C7B3C1E1B8C0500A9801E /* NetWorkManager.m in Sources */ = {isa = PBXBuildFile; fileRef = D17C7B3B1E1B8C0500A9801E /* NetWorkManager.m */; };
		D17C7B421E1B8CD900A9801E /* AppSingle.m in Sources */ = {isa = PBXBuildFile; fileRef = D17C7B3F1E1B8CD900A9801E /* AppSingle.m */; };
		D17C7B431E1B8CD900A9801E /* DFYGProgressHUD.m in Sources */ = {isa = PBXBuildFile; fileRef = D17C7B411E1B8CD900A9801E /* DFYGProgressHUD.m */; };
		D17C7B451E1B8F2900A9801E /* CoreTelephony.framework in Frameworks */ = {isa = PBXBuildFile; fileRef = D17C7B441E1B8F2900A9801E /* CoreTelephony.framework */; };
		D17C7B481E1BAA7600A9801E /* FilteredWebCache.m in Sources */ = {isa = PBXBuildFile; fileRef = D17C7B471E1BAA7600A9801E /* FilteredWebCache.m */; };
		D18E0CB21E1F658700D98353 /* HSDownloadManager.m in Sources */ = {isa = PBXBuildFile; fileRef = D18E0CAC1E1F658700D98353 /* HSDownloadManager.m */; };
		D18E0CB31E1F658700D98353 /* HSSessionModel.m in Sources */ = {isa = PBXBuildFile; fileRef = D18E0CAE1E1F658700D98353 /* HSSessionModel.m */; };
		D18E0CB41E1F658700D98353 /* NSString+Hash.m in Sources */ = {isa = PBXBuildFile; fileRef = D18E0CB11E1F658700D98353 /* NSString+Hash.m */; };
		D18E0CC21E1F6E2B00D98353 /* ZFCommonHelper.m in Sources */ = {isa = PBXBuildFile; fileRef = D18E0CBA1E1F6E2B00D98353 /* ZFCommonHelper.m */; };
		D18E0CC31E1F6E2B00D98353 /* ZFDownloadManager.m in Sources */ = {isa = PBXBuildFile; fileRef = D18E0CBD1E1F6E2B00D98353 /* ZFDownloadManager.m */; };
		D18E0CC41E1F6E2B00D98353 /* ZFFileModel.m in Sources */ = {isa = PBXBuildFile; fileRef = D18E0CBF1E1F6E2B00D98353 /* ZFFileModel.m */; };
		D18E0CC51E1F6E2B00D98353 /* ZFHttpRequest.m in Sources */ = {isa = PBXBuildFile; fileRef = D18E0CC11E1F6E2B00D98353 /* ZFHttpRequest.m */; };
		D18E0CCD1E1F6E4700D98353 /* ZFDownloadedCell.m in Sources */ = {isa = PBXBuildFile; fileRef = D18E0CC81E1F6E4700D98353 /* ZFDownloadedCell.m */; };
		D18E0CCE1E1F6E4700D98353 /* ZFDownloadingCell.m in Sources */ = {isa = PBXBuildFile; fileRef = D18E0CCA1E1F6E4700D98353 /* ZFDownloadingCell.m */; };
		D18E0CCF1E1F6E4700D98353 /* ZFDownloadViewController.m in Sources */ = {isa = PBXBuildFile; fileRef = D18E0CCC1E1F6E4700D98353 /* ZFDownloadViewController.m */; };
		D18E0CD11E1F794700D98353 /* DFDownloadViewController.xib in Resources */ = {isa = PBXBuildFile; fileRef = D18E0CD01E1F794700D98353 /* DFDownloadViewController.xib */; };
		D18E0CD31E1F7A9500D98353 /* ZFDownloadedCell.xib in Resources */ = {isa = PBXBuildFile; fileRef = D18E0CD21E1F7A9500D98353 /* ZFDownloadedCell.xib */; };
		D18E0CD51E1F7C2600D98353 /* ZFDownloadingCell.xib in Resources */ = {isa = PBXBuildFile; fileRef = D18E0CD41E1F7C2600D98353 /* ZFDownloadingCell.xib */; };
		D18E0CD81E1F838600D98353 /* UIImage+Color.m in Sources */ = {isa = PBXBuildFile; fileRef = D18E0CD71E1F838600D98353 /* UIImage+Color.m */; };
		D18E0CDC1E1F840100D98353 /* PDFScanVC.m in Sources */ = {isa = PBXBuildFile; fileRef = D18E0CDA1E1F840100D98353 /* PDFScanVC.m */; };
		D18E0CDD1E1F840100D98353 /* PDFScanVC.xib in Resources */ = {isa = PBXBuildFile; fileRef = D18E0CDB1E1F840100D98353 /* PDFScanVC.xib */; };
		D19D37AE1E2473ED004040DC /* CameraSessionView.m in Sources */ = {isa = PBXBuildFile; fileRef = D19D37921E2473ED004040DC /* CameraSessionView.m */; };
		D19D37B01E2473ED004040DC /* CameraDismissButton.m in Sources */ = {isa = PBXBuildFile; fileRef = D19D37971E2473ED004040DC /* CameraDismissButton.m */; };
		D19D37B11E2473ED004040DC /* CameraFlashButton.m in Sources */ = {isa = PBXBuildFile; fileRef = D19D37991E2473ED004040DC /* CameraFlashButton.m */; };
		D19D37B21E2473ED004040DC /* CameraFocalReticule.m in Sources */ = {isa = PBXBuildFile; fileRef = D19D379B1E2473ED004040DC /* CameraFocalReticule.m */; };
		D19D37B31E2473ED004040DC /* CameraShutterButton.m in Sources */ = {isa = PBXBuildFile; fileRef = D19D379D1E2473ED004040DC /* CameraShutterButton.m */; };
		D19D37B41E2473ED004040DC /* CameraToggleButton.m in Sources */ = {isa = PBXBuildFile; fileRef = D19D379F1E2473ED004040DC /* CameraToggleButton.m */; };
		D19D37B51E2473ED004040DC /* LaunchCameraButton.m in Sources */ = {isa = PBXBuildFile; fileRef = D19D37A11E2473ED004040DC /* LaunchCameraButton.m */; };
		D19D37B61E2473ED004040DC /* Cool Camera Mockup.sketch in Resources */ = {isa = PBXBuildFile; fileRef = D19D37A21E2473ED004040DC /* Cool Camera Mockup.sketch */; };
		D19D37B71E2473ED004040DC /* PaintCodeFile.pcvd in Resources */ = {isa = PBXBuildFile; fileRef = D19D37A31E2473ED004040DC /* PaintCodeFile.pcvd */; };
		D19D37B81E2473ED004040DC /* CameraStyleKitClass.m in Sources */ = {isa = PBXBuildFile; fileRef = D19D37A61E2473ED004040DC /* CameraStyleKitClass.m */; };
		D19D37BA1E2473ED004040DC /* CaptureSessionManager.m in Sources */ = {isa = PBXBuildFile; fileRef = D19D37AA1E2473ED004040DC /* CaptureSessionManager.m */; };
		D19D37BB1E2473ED004040DC /* Constants.m in Sources */ = {isa = PBXBuildFile; fileRef = D19D37AC1E2473ED004040DC /* Constants.m */; };
		D19D37BE1E247450004040DC /* TakePhotoViewController.m in Sources */ = {isa = PBXBuildFile; fileRef = D19D37BD1E247450004040DC /* TakePhotoViewController.m */; };
		D1A2A7931E135772007A978B /* main.m in Sources */ = {isa = PBXBuildFile; fileRef = D1A2A7921E135772007A978B /* main.m */; };
		D1A2A7961E135772007A978B /* AppDelegate.m in Sources */ = {isa = PBXBuildFile; fileRef = D1A2A7951E135772007A978B /* AppDelegate.m */; };
		D1A2A7991E135772007A978B /* ViewController.m in Sources */ = {isa = PBXBuildFile; fileRef = D1A2A7981E135772007A978B /* ViewController.m */; };
		D1A2A79C1E135772007A978B /* Main.storyboard in Resources */ = {isa = PBXBuildFile; fileRef = D1A2A79A1E135772007A978B /* Main.storyboard */; };
		D1A2A79E1E135772007A978B /* Assets.xcassets in Resources */ = {isa = PBXBuildFile; fileRef = D1A2A79D1E135772007A978B /* Assets.xcassets */; };
		D1A2A7A11E135772007A978B /* LaunchScreen.storyboard in Resources */ = {isa = PBXBuildFile; fileRef = D1A2A79F1E135772007A978B /* LaunchScreen.storyboard */; };
		D1A2A7AC1E135772007A978B /* FindBusinessTests.m in Sources */ = {isa = PBXBuildFile; fileRef = D1A2A7AB1E135772007A978B /* FindBusinessTests.m */; };
		D1A2A7B71E135772007A978B /* FindBusinessUITests.m in Sources */ = {isa = PBXBuildFile; fileRef = D1A2A7B61E135772007A978B /* FindBusinessUITests.m */; };
		D1AB4F651E25E636008D6A90 /* ScanViewHeader.m in Sources */ = {isa = PBXBuildFile; fileRef = D1AB4F631E25E636008D6A90 /* ScanViewHeader.m */; };
		D1AB4F661E25E636008D6A90 /* ScanViewHeader.xib in Resources */ = {isa = PBXBuildFile; fileRef = D1AB4F641E25E636008D6A90 /* ScanViewHeader.xib */; };
		D1BAC04A1E2712E700CD8833 /* DownloadVC.m in Sources */ = {isa = PBXBuildFile; fileRef = D1BAC0491E2712E700CD8833 /* DownloadVC.m */; };
		D1BAC04E1E27355D00CD8833 /* UploadViewController.m in Sources */ = {isa = PBXBuildFile; fileRef = D1BAC04C1E27355D00CD8833 /* UploadViewController.m */; };
		D1BAC04F1E27355D00CD8833 /* UploadViewController.xib in Resources */ = {isa = PBXBuildFile; fileRef = D1BAC04D1E27355D00CD8833 /* UploadViewController.xib */; };
		D1DEC68D1E1B766D00C2A165 /* LoginView.m in Sources */ = {isa = PBXBuildFile; fileRef = D1DEC68C1E1B766D00C2A165 /* LoginView.m */; };
		D1DEC68F1E1B767B00C2A165 /* LoginView.xib in Resources */ = {isa = PBXBuildFile; fileRef = D1DEC68E1E1B767B00C2A165 /* LoginView.xib */; };
/* End PBXBuildFile section */

/* Begin PBXContainerItemProxy section */
		D1A2A7A81E135772007A978B /* PBXContainerItemProxy */ = {
			isa = PBXContainerItemProxy;
			containerPortal = D1A2A7861E135772007A978B /* Project object */;
			proxyType = 1;
			remoteGlobalIDString = D1A2A78D1E135772007A978B;
			remoteInfo = FindBusiness;
		};
		D1A2A7B31E135772007A978B /* PBXContainerItemProxy */ = {
			isa = PBXContainerItemProxy;
			containerPortal = D1A2A7861E135772007A978B /* Project object */;
			proxyType = 1;
			remoteGlobalIDString = D1A2A78D1E135772007A978B;
			remoteInfo = FindBusiness;
		};
/* End PBXContainerItemProxy section */

/* Begin PBXFileReference section */
		65E8B7FCF5D0C661692FAFFD /* libPods-FindBusiness.a */ = {isa = PBXFileReference; explicitFileType = archive.ar; includeInIndex = 0; path = "libPods-FindBusiness.a"; sourceTree = BUILT_PRODUCTS_DIR; };
		65EDFAF2FF03B789EBBA22A9 /* Pods-FindBusiness.release.xcconfig */ = {isa = PBXFileReference; includeInIndex = 1; lastKnownFileType = text.xcconfig; name = "Pods-FindBusiness.release.xcconfig"; path = "Pods/Target Support Files/Pods-FindBusiness/Pods-FindBusiness.release.xcconfig"; sourceTree = "<group>"; };
		D107FB2C1E2323DC000526BF /* BusinessManagerViewController.h */ = {isa = PBXFileReference; fileEncoding = 4; lastKnownFileType = sourcecode.c.h; path = BusinessManagerViewController.h; sourceTree = "<group>"; };
		D107FB2D1E2323DC000526BF /* BusinessManagerViewController.m */ = {isa = PBXFileReference; fileEncoding = 4; lastKnownFileType = sourcecode.c.objc; path = BusinessManagerViewController.m; sourceTree = "<group>"; };
		D107FB2E1E2323DC000526BF /* BusinessManagerViewController.xib */ = {isa = PBXFileReference; fileEncoding = 4; lastKnownFileType = file.xib; path = BusinessManagerViewController.xib; sourceTree = "<group>"; };
		D107FB311E232480000526BF /* BusinessCell.h */ = {isa = PBXFileReference; fileEncoding = 4; lastKnownFileType = sourcecode.c.h; path = BusinessCell.h; sourceTree = "<group>"; };
		D107FB321E232480000526BF /* BusinessCell.m */ = {isa = PBXFileReference; fileEncoding = 4; lastKnownFileType = sourcecode.c.objc; path = BusinessCell.m; sourceTree = "<group>"; };
		D107FB331E232480000526BF /* BusinessCell.xib */ = {isa = PBXFileReference; fileEncoding = 4; lastKnownFileType = file.xib; path = BusinessCell.xib; sourceTree = "<group>"; };
		D107FB361E232918000526BF /* CreatBusinessVC.h */ = {isa = PBXFileReference; fileEncoding = 4; lastKnownFileType = sourcecode.c.h; path = CreatBusinessVC.h; sourceTree = "<group>"; };
		D107FB371E232918000526BF /* CreatBusinessVC.m */ = {isa = PBXFileReference; fileEncoding = 4; lastKnownFileType = sourcecode.c.objc; path = CreatBusinessVC.m; sourceTree = "<group>"; };
		D107FB381E232918000526BF /* CreatBusinessVC.xib */ = {isa = PBXFileReference; fileEncoding = 4; lastKnownFileType = file.xib; path = CreatBusinessVC.xib; sourceTree = "<group>"; };
		D107FB3B1E2344C9000526BF /* NSDate+Reversal.h */ = {isa = PBXFileReference; fileEncoding = 4; lastKnownFileType = sourcecode.c.h; path = "NSDate+Reversal.h"; sourceTree = "<group>"; };
		D107FB3C1E2344C9000526BF /* NSDate+Reversal.m */ = {isa = PBXFileReference; fileEncoding = 4; lastKnownFileType = sourcecode.c.objc; path = "NSDate+Reversal.m"; sourceTree = "<group>"; };
		D107FB3E1E235D89000526BF /* CoreLocation.framework */ = {isa = PBXFileReference; lastKnownFileType = wrapper.framework; name = CoreLocation.framework; path = System/Library/Frameworks/CoreLocation.framework; sourceTree = SDKROOT; };
		D107FB821E237C1C000526BF /* FileManager.h */ = {isa = PBXFileReference; fileEncoding = 4; lastKnownFileType = sourcecode.c.h; path = FileManager.h; sourceTree = "<group>"; };
		D107FB831E237C1C000526BF /* FileManager.m */ = {isa = PBXFileReference; fileEncoding = 4; lastKnownFileType = sourcecode.c.objc; path = FileManager.m; sourceTree = "<group>"; };
		D107FB8A1E238A05000526BF /* MenuView.h */ = {isa = PBXFileReference; fileEncoding = 4; lastKnownFileType = sourcecode.c.h; path = MenuView.h; sourceTree = "<group>"; };
		D107FB8B1E238A05000526BF /* MenuView.m */ = {isa = PBXFileReference; fileEncoding = 4; lastKnownFileType = sourcecode.c.objc; path = MenuView.m; sourceTree = "<group>"; };
		D107FB8D1E238A13000526BF /* MenuView.xib */ = {isa = PBXFileReference; fileEncoding = 4; lastKnownFileType = file.xib; path = MenuView.xib; sourceTree = "<group>"; };
		D107FB911E238F30000526BF /* ScanViewController.h */ = {isa = PBXFileReference; fileEncoding = 4; lastKnownFileType = sourcecode.c.h; path = ScanViewController.h; sourceTree = "<group>"; };
		D107FB921E238F30000526BF /* ScanViewController.m */ = {isa = PBXFileReference; fileEncoding = 4; lastKnownFileType = sourcecode.c.objc; path = ScanViewController.m; sourceTree = "<group>"; };
		D107FB931E238F30000526BF /* ScanViewController.xib */ = {isa = PBXFileReference; fileEncoding = 4; lastKnownFileType = file.xib; path = ScanViewController.xib; sourceTree = "<group>"; };
		D107FB961E239219000526BF /* AlbumCollectionCell.h */ = {isa = PBXFileReference; fileEncoding = 4; lastKnownFileType = sourcecode.c.h; path = AlbumCollectionCell.h; sourceTree = "<group>"; };
		D107FB971E239219000526BF /* AlbumCollectionCell.m */ = {isa = PBXFileReference; fileEncoding = 4; lastKnownFileType = sourcecode.c.objc; path = AlbumCollectionCell.m; sourceTree = "<group>"; };
		D107FB981E239219000526BF /* AlbumCollectionCell.xib */ = {isa = PBXFileReference; fileEncoding = 4; lastKnownFileType = file.xib; path = AlbumCollectionCell.xib; sourceTree = "<group>"; };
		D119D62B1E1C9A9F0038E7AC /* BaseSliderController.h */ = {isa = PBXFileReference; fileEncoding = 4; lastKnownFileType = sourcecode.c.h; path = BaseSliderController.h; sourceTree = "<group>"; };
		D119D62C1E1C9A9F0038E7AC /* BaseSliderController.m */ = {isa = PBXFileReference; fileEncoding = 4; lastKnownFileType = sourcecode.c.objc; path = BaseSliderController.m; sourceTree = "<group>"; };
		D119D62F1E1C9AD50038E7AC /* BaseScrollView.h */ = {isa = PBXFileReference; fileEncoding = 4; lastKnownFileType = sourcecode.c.h; path = BaseScrollView.h; sourceTree = "<group>"; };
		D119D6301E1C9AD50038E7AC /* BaseScrollView.m */ = {isa = PBXFileReference; fileEncoding = 4; lastKnownFileType = sourcecode.c.objc; path = BaseScrollView.m; sourceTree = "<group>"; };
		D119D6321E1C9BA80038E7AC /* UIKit+BaseExtension.h */ = {isa = PBXFileReference; fileEncoding = 4; lastKnownFileType = sourcecode.c.h; path = "UIKit+BaseExtension.h"; sourceTree = "<group>"; };
		D119D6331E1C9BA80038E7AC /* UIKit+BaseExtension.m */ = {isa = PBXFileReference; fileEncoding = 4; lastKnownFileType = sourcecode.c.objc; path = "UIKit+BaseExtension.m"; sourceTree = "<group>"; };
		D119D6401E1CCB600038E7AC /* EmptyView.h */ = {isa = PBXFileReference; fileEncoding = 4; lastKnownFileType = sourcecode.c.h; path = EmptyView.h; sourceTree = "<group>"; };
		D119D6411E1CCB600038E7AC /* EmptyView.m */ = {isa = PBXFileReference; fileEncoding = 4; lastKnownFileType = sourcecode.c.objc; path = EmptyView.m; sourceTree = "<group>"; };
		D119D6531E1CE2090038E7AC /* NSString+MD5.h */ = {isa = PBXFileReference; fileEncoding = 4; lastKnownFileType = sourcecode.c.h; path = "NSString+MD5.h"; sourceTree = "<group>"; };
		D119D6541E1CE2090038E7AC /* NSString+MD5.m */ = {isa = PBXFileReference; fileEncoding = 4; lastKnownFileType = sourcecode.c.objc; path = "NSString+MD5.m"; sourceTree = "<group>"; };
		D125A4091E1B367700A4073A /* WebViewController.h */ = {isa = PBXFileReference; fileEncoding = 4; lastKnownFileType = sourcecode.c.h; path = WebViewController.h; sourceTree = "<group>"; };
		D125A40A1E1B367700A4073A /* WebViewController.m */ = {isa = PBXFileReference; fileEncoding = 4; lastKnownFileType = sourcecode.c.objc; path = WebViewController.m; sourceTree = "<group>"; };
		D125A40B1E1B367700A4073A /* WebViewController.xib */ = {isa = PBXFileReference; fileEncoding = 4; lastKnownFileType = file.xib; path = WebViewController.xib; sourceTree = "<group>"; };
		D125A4101E1B37E500A4073A /* BaseNaviController.h */ = {isa = PBXFileReference; fileEncoding = 4; lastKnownFileType = sourcecode.c.h; path = BaseNaviController.h; sourceTree = "<group>"; };
		D125A4111E1B37E500A4073A /* BaseNaviController.m */ = {isa = PBXFileReference; fileEncoding = 4; lastKnownFileType = sourcecode.c.objc; path = BaseNaviController.m; sourceTree = "<group>"; };
		D125A4141E1B4BFA00A4073A /* Const.h */ = {isa = PBXFileReference; fileEncoding = 4; lastKnownFileType = sourcecode.c.h; path = Const.h; sourceTree = "<group>"; };
		D125A4151E1B4BFA00A4073A /* Const.m */ = {isa = PBXFileReference; fileEncoding = 4; lastKnownFileType = sourcecode.c.objc; path = Const.m; sourceTree = "<group>"; };
		D125A4171E1B4E7300A4073A /* PrefixHeader.pch */ = {isa = PBXFileReference; lastKnownFileType = sourcecode.c.h; path = PrefixHeader.pch; sourceTree = "<group>"; };
		D175270A1E2639A1000135CE /* ExampleView.h */ = {isa = PBXFileReference; fileEncoding = 4; lastKnownFileType = sourcecode.c.h; path = ExampleView.h; sourceTree = "<group>"; };
		D175270B1E2639A1000135CE /* ExampleView.m */ = {isa = PBXFileReference; fileEncoding = 4; lastKnownFileType = sourcecode.c.objc; path = ExampleView.m; sourceTree = "<group>"; };
		D175270D1E2639AA000135CE /* View.xib */ = {isa = PBXFileReference; fileEncoding = 4; lastKnownFileType = file.xib; path = View.xib; sourceTree = "<group>"; };
		D17C7B3A1E1B8C0500A9801E /* NetWorkManager.h */ = {isa = PBXFileReference; fileEncoding = 4; lastKnownFileType = sourcecode.c.h; path = NetWorkManager.h; sourceTree = "<group>"; };
		D17C7B3B1E1B8C0500A9801E /* NetWorkManager.m */ = {isa = PBXFileReference; fileEncoding = 4; lastKnownFileType = sourcecode.c.objc; path = NetWorkManager.m; sourceTree = "<group>"; };
		D17C7B3E1E1B8CD900A9801E /* AppSingle.h */ = {isa = PBXFileReference; fileEncoding = 4; lastKnownFileType = sourcecode.c.h; path = AppSingle.h; sourceTree = "<group>"; };
		D17C7B3F1E1B8CD900A9801E /* AppSingle.m */ = {isa = PBXFileReference; fileEncoding = 4; lastKnownFileType = sourcecode.c.objc; path = AppSingle.m; sourceTree = "<group>"; };
		D17C7B401E1B8CD900A9801E /* DFYGProgressHUD.h */ = {isa = PBXFileReference; fileEncoding = 4; lastKnownFileType = sourcecode.c.h; path = DFYGProgressHUD.h; sourceTree = "<group>"; };
		D17C7B411E1B8CD900A9801E /* DFYGProgressHUD.m */ = {isa = PBXFileReference; fileEncoding = 4; lastKnownFileType = sourcecode.c.objc; path = DFYGProgressHUD.m; sourceTree = "<group>"; };
		D17C7B441E1B8F2900A9801E /* CoreTelephony.framework */ = {isa = PBXFileReference; lastKnownFileType = wrapper.framework; name = CoreTelephony.framework; path = System/Library/Frameworks/CoreTelephony.framework; sourceTree = SDKROOT; };
		D17C7B461E1BAA7600A9801E /* FilteredWebCache.h */ = {isa = PBXFileReference; fileEncoding = 4; lastKnownFileType = sourcecode.c.h; path = FilteredWebCache.h; sourceTree = "<group>"; };
		D17C7B471E1BAA7600A9801E /* FilteredWebCache.m */ = {isa = PBXFileReference; fileEncoding = 4; lastKnownFileType = sourcecode.c.objc; path = FilteredWebCache.m; sourceTree = "<group>"; };
		D18E0CAB1E1F658700D98353 /* HSDownloadManager.h */ = {isa = PBXFileReference; fileEncoding = 4; lastKnownFileType = sourcecode.c.h; path = HSDownloadManager.h; sourceTree = "<group>"; };
		D18E0CAC1E1F658700D98353 /* HSDownloadManager.m */ = {isa = PBXFileReference; fileEncoding = 4; lastKnownFileType = sourcecode.c.objc; path = HSDownloadManager.m; sourceTree = "<group>"; };
		D18E0CAD1E1F658700D98353 /* HSSessionModel.h */ = {isa = PBXFileReference; fileEncoding = 4; lastKnownFileType = sourcecode.c.h; path = HSSessionModel.h; sourceTree = "<group>"; };
		D18E0CAE1E1F658700D98353 /* HSSessionModel.m */ = {isa = PBXFileReference; fileEncoding = 4; lastKnownFileType = sourcecode.c.objc; path = HSSessionModel.m; sourceTree = "<group>"; };
		D18E0CB01E1F658700D98353 /* NSString+Hash.h */ = {isa = PBXFileReference; fileEncoding = 4; lastKnownFileType = sourcecode.c.h; path = "NSString+Hash.h"; sourceTree = "<group>"; };
		D18E0CB11E1F658700D98353 /* NSString+Hash.m */ = {isa = PBXFileReference; fileEncoding = 4; lastKnownFileType = sourcecode.c.objc; path = "NSString+Hash.m"; sourceTree = "<group>"; };
		D18E0CB91E1F6E2B00D98353 /* ZFCommonHelper.h */ = {isa = PBXFileReference; fileEncoding = 4; lastKnownFileType = sourcecode.c.h; path = ZFCommonHelper.h; sourceTree = "<group>"; };
		D18E0CBA1E1F6E2B00D98353 /* ZFCommonHelper.m */ = {isa = PBXFileReference; fileEncoding = 4; lastKnownFileType = sourcecode.c.objc; path = ZFCommonHelper.m; sourceTree = "<group>"; };
		D18E0CBB1E1F6E2B00D98353 /* ZFDownloadDelegate.h */ = {isa = PBXFileReference; fileEncoding = 4; lastKnownFileType = sourcecode.c.h; path = ZFDownloadDelegate.h; sourceTree = "<group>"; };
		D18E0CBC1E1F6E2B00D98353 /* ZFDownloadManager.h */ = {isa = PBXFileReference; fileEncoding = 4; lastKnownFileType = sourcecode.c.h; path = ZFDownloadManager.h; sourceTree = "<group>"; };
		D18E0CBD1E1F6E2B00D98353 /* ZFDownloadManager.m */ = {isa = PBXFileReference; fileEncoding = 4; lastKnownFileType = sourcecode.c.objc; path = ZFDownloadManager.m; sourceTree = "<group>"; };
		D18E0CBE1E1F6E2B00D98353 /* ZFFileModel.h */ = {isa = PBXFileReference; fileEncoding = 4; lastKnownFileType = sourcecode.c.h; path = ZFFileModel.h; sourceTree = "<group>"; };
		D18E0CBF1E1F6E2B00D98353 /* ZFFileModel.m */ = {isa = PBXFileReference; fileEncoding = 4; lastKnownFileType = sourcecode.c.objc; path = ZFFileModel.m; sourceTree = "<group>"; };
		D18E0CC01E1F6E2B00D98353 /* ZFHttpRequest.h */ = {isa = PBXFileReference; fileEncoding = 4; lastKnownFileType = sourcecode.c.h; path = ZFHttpRequest.h; sourceTree = "<group>"; };
		D18E0CC11E1F6E2B00D98353 /* ZFHttpRequest.m */ = {isa = PBXFileReference; fileEncoding = 4; lastKnownFileType = sourcecode.c.objc; path = ZFHttpRequest.m; sourceTree = "<group>"; };
		D18E0CC71E1F6E4700D98353 /* ZFDownloadedCell.h */ = {isa = PBXFileReference; fileEncoding = 4; lastKnownFileType = sourcecode.c.h; path = ZFDownloadedCell.h; sourceTree = "<group>"; };
		D18E0CC81E1F6E4700D98353 /* ZFDownloadedCell.m */ = {isa = PBXFileReference; fileEncoding = 4; lastKnownFileType = sourcecode.c.objc; path = ZFDownloadedCell.m; sourceTree = "<group>"; };
		D18E0CC91E1F6E4700D98353 /* ZFDownloadingCell.h */ = {isa = PBXFileReference; fileEncoding = 4; lastKnownFileType = sourcecode.c.h; path = ZFDownloadingCell.h; sourceTree = "<group>"; };
		D18E0CCA1E1F6E4700D98353 /* ZFDownloadingCell.m */ = {isa = PBXFileReference; fileEncoding = 4; lastKnownFileType = sourcecode.c.objc; path = ZFDownloadingCell.m; sourceTree = "<group>"; };
		D18E0CCB1E1F6E4700D98353 /* ZFDownloadViewController.h */ = {isa = PBXFileReference; fileEncoding = 4; lastKnownFileType = sourcecode.c.h; path = ZFDownloadViewController.h; sourceTree = "<group>"; };
		D18E0CCC1E1F6E4700D98353 /* ZFDownloadViewController.m */ = {isa = PBXFileReference; fileEncoding = 4; lastKnownFileType = sourcecode.c.objc; path = ZFDownloadViewController.m; sourceTree = "<group>"; };
		D18E0CD01E1F794700D98353 /* DFDownloadViewController.xib */ = {isa = PBXFileReference; fileEncoding = 4; lastKnownFileType = file.xib; path = DFDownloadViewController.xib; sourceTree = "<group>"; };
		D18E0CD21E1F7A9500D98353 /* ZFDownloadedCell.xib */ = {isa = PBXFileReference; fileEncoding = 4; lastKnownFileType = file.xib; path = ZFDownloadedCell.xib; sourceTree = "<group>"; };
		D18E0CD41E1F7C2600D98353 /* ZFDownloadingCell.xib */ = {isa = PBXFileReference; fileEncoding = 4; lastKnownFileType = file.xib; path = ZFDownloadingCell.xib; sourceTree = "<group>"; };
		D18E0CD61E1F838600D98353 /* UIImage+Color.h */ = {isa = PBXFileReference; fileEncoding = 4; lastKnownFileType = sourcecode.c.h; path = "UIImage+Color.h"; sourceTree = "<group>"; };
		D18E0CD71E1F838600D98353 /* UIImage+Color.m */ = {isa = PBXFileReference; fileEncoding = 4; lastKnownFileType = sourcecode.c.objc; path = "UIImage+Color.m"; sourceTree = "<group>"; };
		D18E0CD91E1F840100D98353 /* PDFScanVC.h */ = {isa = PBXFileReference; fileEncoding = 4; lastKnownFileType = sourcecode.c.h; path = PDFScanVC.h; sourceTree = "<group>"; };
		D18E0CDA1E1F840100D98353 /* PDFScanVC.m */ = {isa = PBXFileReference; fileEncoding = 4; lastKnownFileType = sourcecode.c.objc; path = PDFScanVC.m; sourceTree = "<group>"; };
		D18E0CDB1E1F840100D98353 /* PDFScanVC.xib */ = {isa = PBXFileReference; fileEncoding = 4; lastKnownFileType = file.xib; path = PDFScanVC.xib; sourceTree = "<group>"; };
		D19D37911E2473ED004040DC /* CameraSessionView.h */ = {isa = PBXFileReference; fileEncoding = 4; lastKnownFileType = sourcecode.c.h; path = CameraSessionView.h; sourceTree = "<group>"; };
		D19D37921E2473ED004040DC /* CameraSessionView.m */ = {isa = PBXFileReference; fileEncoding = 4; lastKnownFileType = sourcecode.c.objc; path = CameraSessionView.m; sourceTree = "<group>"; };
		D19D37961E2473ED004040DC /* CameraDismissButton.h */ = {isa = PBXFileReference; fileEncoding = 4; lastKnownFileType = sourcecode.c.h; path = CameraDismissButton.h; sourceTree = "<group>"; };
		D19D37971E2473ED004040DC /* CameraDismissButton.m */ = {isa = PBXFileReference; fileEncoding = 4; lastKnownFileType = sourcecode.c.objc; path = CameraDismissButton.m; sourceTree = "<group>"; };
		D19D37981E2473ED004040DC /* CameraFlashButton.h */ = {isa = PBXFileReference; fileEncoding = 4; lastKnownFileType = sourcecode.c.h; path = CameraFlashButton.h; sourceTree = "<group>"; };
		D19D37991E2473ED004040DC /* CameraFlashButton.m */ = {isa = PBXFileReference; fileEncoding = 4; lastKnownFileType = sourcecode.c.objc; path = CameraFlashButton.m; sourceTree = "<group>"; };
		D19D379A1E2473ED004040DC /* CameraFocalReticule.h */ = {isa = PBXFileReference; fileEncoding = 4; lastKnownFileType = sourcecode.c.h; path = CameraFocalReticule.h; sourceTree = "<group>"; };
		D19D379B1E2473ED004040DC /* CameraFocalReticule.m */ = {isa = PBXFileReference; fileEncoding = 4; lastKnownFileType = sourcecode.c.objc; path = CameraFocalReticule.m; sourceTree = "<group>"; };
		D19D379C1E2473ED004040DC /* CameraShutterButton.h */ = {isa = PBXFileReference; fileEncoding = 4; lastKnownFileType = sourcecode.c.h; path = CameraShutterButton.h; sourceTree = "<group>"; };
		D19D379D1E2473ED004040DC /* CameraShutterButton.m */ = {isa = PBXFileReference; fileEncoding = 4; lastKnownFileType = sourcecode.c.objc; path = CameraShutterButton.m; sourceTree = "<group>"; };
		D19D379E1E2473ED004040DC /* CameraToggleButton.h */ = {isa = PBXFileReference; fileEncoding = 4; lastKnownFileType = sourcecode.c.h; path = CameraToggleButton.h; sourceTree = "<group>"; };
		D19D379F1E2473ED004040DC /* CameraToggleButton.m */ = {isa = PBXFileReference; fileEncoding = 4; lastKnownFileType = sourcecode.c.objc; path = CameraToggleButton.m; sourceTree = "<group>"; };
		D19D37A01E2473ED004040DC /* LaunchCameraButton.h */ = {isa = PBXFileReference; fileEncoding = 4; lastKnownFileType = sourcecode.c.h; path = LaunchCameraButton.h; sourceTree = "<group>"; };
		D19D37A11E2473ED004040DC /* LaunchCameraButton.m */ = {isa = PBXFileReference; fileEncoding = 4; lastKnownFileType = sourcecode.c.objc; path = LaunchCameraButton.m; sourceTree = "<group>"; };
		D19D37A21E2473ED004040DC /* Cool Camera Mockup.sketch */ = {isa = PBXFileReference; lastKnownFileType = file; path = "Cool Camera Mockup.sketch"; sourceTree = "<group>"; };
		D19D37A31E2473ED004040DC /* PaintCodeFile.pcvd */ = {isa = PBXFileReference; lastKnownFileType = file.bplist; path = PaintCodeFile.pcvd; sourceTree = "<group>"; };
		D19D37A51E2473ED004040DC /* CameraStyleKitClass.h */ = {isa = PBXFileReference; fileEncoding = 4; lastKnownFileType = sourcecode.c.h; path = CameraStyleKitClass.h; sourceTree = "<group>"; };
		D19D37A61E2473ED004040DC /* CameraStyleKitClass.m */ = {isa = PBXFileReference; fileEncoding = 4; lastKnownFileType = sourcecode.c.objc; path = CameraStyleKitClass.m; sourceTree = "<group>"; };
		D19D37A91E2473ED004040DC /* CaptureSessionManager.h */ = {isa = PBXFileReference; fileEncoding = 4; lastKnownFileType = sourcecode.c.h; path = CaptureSessionManager.h; sourceTree = "<group>"; };
		D19D37AA1E2473ED004040DC /* CaptureSessionManager.m */ = {isa = PBXFileReference; fileEncoding = 4; lastKnownFileType = sourcecode.c.objc; path = CaptureSessionManager.m; sourceTree = "<group>"; };
		D19D37AB1E2473ED004040DC /* Constants.h */ = {isa = PBXFileReference; fileEncoding = 4; lastKnownFileType = sourcecode.c.h; path = Constants.h; sourceTree = "<group>"; };
		D19D37AC1E2473ED004040DC /* Constants.m */ = {isa = PBXFileReference; fileEncoding = 4; lastKnownFileType = sourcecode.c.objc; path = Constants.m; sourceTree = "<group>"; };
		D19D37BC1E247450004040DC /* TakePhotoViewController.h */ = {isa = PBXFileReference; fileEncoding = 4; lastKnownFileType = sourcecode.c.h; path = TakePhotoViewController.h; sourceTree = "<group>"; };
		D19D37BD1E247450004040DC /* TakePhotoViewController.m */ = {isa = PBXFileReference; fileEncoding = 4; lastKnownFileType = sourcecode.c.objc; path = TakePhotoViewController.m; sourceTree = "<group>"; };
		D1A2A78E1E135772007A978B /* FindBusiness.app */ = {isa = PBXFileReference; explicitFileType = wrapper.application; includeInIndex = 0; path = FindBusiness.app; sourceTree = BUILT_PRODUCTS_DIR; };
		D1A2A7921E135772007A978B /* main.m */ = {isa = PBXFileReference; lastKnownFileType = sourcecode.c.objc; path = main.m; sourceTree = "<group>"; };
		D1A2A7941E135772007A978B /* AppDelegate.h */ = {isa = PBXFileReference; lastKnownFileType = sourcecode.c.h; path = AppDelegate.h; sourceTree = "<group>"; };
		D1A2A7951E135772007A978B /* AppDelegate.m */ = {isa = PBXFileReference; lastKnownFileType = sourcecode.c.objc; path = AppDelegate.m; sourceTree = "<group>"; };
		D1A2A7971E135772007A978B /* ViewController.h */ = {isa = PBXFileReference; lastKnownFileType = sourcecode.c.h; path = ViewController.h; sourceTree = "<group>"; };
		D1A2A7981E135772007A978B /* ViewController.m */ = {isa = PBXFileReference; lastKnownFileType = sourcecode.c.objc; path = ViewController.m; sourceTree = "<group>"; };
		D1A2A79B1E135772007A978B /* Base */ = {isa = PBXFileReference; lastKnownFileType = file.storyboard; name = Base; path = Base.lproj/Main.storyboard; sourceTree = "<group>"; };
		D1A2A79D1E135772007A978B /* Assets.xcassets */ = {isa = PBXFileReference; lastKnownFileType = folder.assetcatalog; path = Assets.xcassets; sourceTree = "<group>"; };
		D1A2A7A01E135772007A978B /* Base */ = {isa = PBXFileReference; lastKnownFileType = file.storyboard; name = Base; path = Base.lproj/LaunchScreen.storyboard; sourceTree = "<group>"; };
		D1A2A7A21E135772007A978B /* Info.plist */ = {isa = PBXFileReference; lastKnownFileType = text.plist.xml; path = Info.plist; sourceTree = "<group>"; };
		D1A2A7A71E135772007A978B /* FindBusinessTests.xctest */ = {isa = PBXFileReference; explicitFileType = wrapper.cfbundle; includeInIndex = 0; path = FindBusinessTests.xctest; sourceTree = BUILT_PRODUCTS_DIR; };
		D1A2A7AB1E135772007A978B /* FindBusinessTests.m */ = {isa = PBXFileReference; lastKnownFileType = sourcecode.c.objc; path = FindBusinessTests.m; sourceTree = "<group>"; };
		D1A2A7AD1E135772007A978B /* Info.plist */ = {isa = PBXFileReference; lastKnownFileType = text.plist.xml; path = Info.plist; sourceTree = "<group>"; };
		D1A2A7B21E135772007A978B /* FindBusinessUITests.xctest */ = {isa = PBXFileReference; explicitFileType = wrapper.cfbundle; includeInIndex = 0; path = FindBusinessUITests.xctest; sourceTree = BUILT_PRODUCTS_DIR; };
		D1A2A7B61E135772007A978B /* FindBusinessUITests.m */ = {isa = PBXFileReference; lastKnownFileType = sourcecode.c.objc; path = FindBusinessUITests.m; sourceTree = "<group>"; };
		D1A2A7B81E135772007A978B /* Info.plist */ = {isa = PBXFileReference; lastKnownFileType = text.plist.xml; path = Info.plist; sourceTree = "<group>"; };
		D1AB4F621E25E636008D6A90 /* ScanViewHeader.h */ = {isa = PBXFileReference; fileEncoding = 4; lastKnownFileType = sourcecode.c.h; path = ScanViewHeader.h; sourceTree = "<group>"; };
		D1AB4F631E25E636008D6A90 /* ScanViewHeader.m */ = {isa = PBXFileReference; fileEncoding = 4; lastKnownFileType = sourcecode.c.objc; path = ScanViewHeader.m; sourceTree = "<group>"; };
		D1AB4F641E25E636008D6A90 /* ScanViewHeader.xib */ = {isa = PBXFileReference; fileEncoding = 4; lastKnownFileType = file.xib; path = ScanViewHeader.xib; sourceTree = "<group>"; };
		D1BAC0481E2712E700CD8833 /* DownloadVC.h */ = {isa = PBXFileReference; fileEncoding = 4; lastKnownFileType = sourcecode.c.h; path = DownloadVC.h; sourceTree = "<group>"; };
		D1BAC0491E2712E700CD8833 /* DownloadVC.m */ = {isa = PBXFileReference; fileEncoding = 4; lastKnownFileType = sourcecode.c.objc; path = DownloadVC.m; sourceTree = "<group>"; };
		D1BAC04B1E27355D00CD8833 /* UploadViewController.h */ = {isa = PBXFileReference; fileEncoding = 4; lastKnownFileType = sourcecode.c.h; path = UploadViewController.h; sourceTree = "<group>"; };
		D1BAC04C1E27355D00CD8833 /* UploadViewController.m */ = {isa = PBXFileReference; fileEncoding = 4; lastKnownFileType = sourcecode.c.objc; path = UploadViewController.m; sourceTree = "<group>"; };
		D1BAC04D1E27355D00CD8833 /* UploadViewController.xib */ = {isa = PBXFileReference; fileEncoding = 4; lastKnownFileType = file.xib; path = UploadViewController.xib; sourceTree = "<group>"; };
		D1DEC68B1E1B766D00C2A165 /* LoginView.h */ = {isa = PBXFileReference; fileEncoding = 4; lastKnownFileType = sourcecode.c.h; path = LoginView.h; sourceTree = "<group>"; };
		D1DEC68C1E1B766D00C2A165 /* LoginView.m */ = {isa = PBXFileReference; fileEncoding = 4; lastKnownFileType = sourcecode.c.objc; path = LoginView.m; sourceTree = "<group>"; };
		D1DEC68E1E1B767B00C2A165 /* LoginView.xib */ = {isa = PBXFileReference; fileEncoding = 4; lastKnownFileType = file.xib; path = LoginView.xib; sourceTree = "<group>"; };
		E4A8DE42143CD55C50F27078 /* Pods-FindBusiness.debug.xcconfig */ = {isa = PBXFileReference; includeInIndex = 1; lastKnownFileType = text.xcconfig; name = "Pods-FindBusiness.debug.xcconfig"; path = "Pods/Target Support Files/Pods-FindBusiness/Pods-FindBusiness.debug.xcconfig"; sourceTree = "<group>"; };
/* End PBXFileReference section */

/* Begin PBXFrameworksBuildPhase section */
		D1A2A78B1E135772007A978B /* Frameworks */ = {
			isa = PBXFrameworksBuildPhase;
			buildActionMask = 2147483647;
			files = (
				D107FB3F1E235D89000526BF /* CoreLocation.framework in Frameworks */,
				D17C7B451E1B8F2900A9801E /* CoreTelephony.framework in Frameworks */,
				BA5A1EA651ECAE6FE4A861D4 /* libPods-FindBusiness.a in Frameworks */,
			);
			runOnlyForDeploymentPostprocessing = 0;
		};
		D1A2A7A41E135772007A978B /* Frameworks */ = {
			isa = PBXFrameworksBuildPhase;
			buildActionMask = 2147483647;
			files = (
			);
			runOnlyForDeploymentPostprocessing = 0;
		};
		D1A2A7AF1E135772007A978B /* Frameworks */ = {
			isa = PBXFrameworksBuildPhase;
			buildActionMask = 2147483647;
			files = (
			);
			runOnlyForDeploymentPostprocessing = 0;
		};
/* End PBXFrameworksBuildPhase section */

/* Begin PBXGroup section */
		62B91255C5E5C764FB4C4461 /* Frameworks */ = {
			isa = PBXGroup;
			children = (
				D107FB3E1E235D89000526BF /* CoreLocation.framework */,
				D17C7B441E1B8F2900A9801E /* CoreTelephony.framework */,
				65E8B7FCF5D0C661692FAFFD /* libPods-FindBusiness.a */,
			);
			name = Frameworks;
			sourceTree = "<group>";
		};
		D107FB2B1E2323AA000526BF /* BusinessManager */ = {
			isa = PBXGroup;
			children = (
				D19D375C1E24728E004040DC /* TakePhoto */,
				D107FB821E237C1C000526BF /* FileManager.h */,
				D107FB831E237C1C000526BF /* FileManager.m */,
				D107FB2C1E2323DC000526BF /* BusinessManagerViewController.h */,
				D107FB2D1E2323DC000526BF /* BusinessManagerViewController.m */,
				D107FB2E1E2323DC000526BF /* BusinessManagerViewController.xib */,
				D107FB911E238F30000526BF /* ScanViewController.h */,
				D107FB921E238F30000526BF /* ScanViewController.m */,
				D107FB931E238F30000526BF /* ScanViewController.xib */,
				D107FB961E239219000526BF /* AlbumCollectionCell.h */,
				D107FB971E239219000526BF /* AlbumCollectionCell.m */,
				D107FB981E239219000526BF /* AlbumCollectionCell.xib */,
				D1AB4F621E25E636008D6A90 /* ScanViewHeader.h */,
				D1AB4F631E25E636008D6A90 /* ScanViewHeader.m */,
				D1AB4F641E25E636008D6A90 /* ScanViewHeader.xib */,
				D175270A1E2639A1000135CE /* ExampleView.h */,
				D175270B1E2639A1000135CE /* ExampleView.m */,
				D175270D1E2639AA000135CE /* View.xib */,
				D107FB8A1E238A05000526BF /* MenuView.h */,
				D107FB8B1E238A05000526BF /* MenuView.m */,
				D107FB8D1E238A13000526BF /* MenuView.xib */,
				D107FB361E232918000526BF /* CreatBusinessVC.h */,
				D107FB371E232918000526BF /* CreatBusinessVC.m */,
				D107FB381E232918000526BF /* CreatBusinessVC.xib */,
				D1BAC04B1E27355D00CD8833 /* UploadViewController.h */,
				D1BAC04C1E27355D00CD8833 /* UploadViewController.m */,
				D1BAC04D1E27355D00CD8833 /* UploadViewController.xib */,
				D107FB311E232480000526BF /* BusinessCell.h */,
				D107FB321E232480000526BF /* BusinessCell.m */,
				D107FB331E232480000526BF /* BusinessCell.xib */,
			);
			name = BusinessManager;
			sourceTree = "<group>";
		};
		D119D6291E1C9A8C0038E7AC /* Controller */ = {
			isa = PBXGroup;
			children = (
				D119D62F1E1C9AD50038E7AC /* BaseScrollView.h */,
				D119D6301E1C9AD50038E7AC /* BaseScrollView.m */,
				D119D62B1E1C9A9F0038E7AC /* BaseSliderController.h */,
				D119D62C1E1C9A9F0038E7AC /* BaseSliderController.m */,
				D119D6321E1C9BA80038E7AC /* UIKit+BaseExtension.h */,
				D119D6331E1C9BA80038E7AC /* UIKit+BaseExtension.m */,
			);
			name = Controller;
			sourceTree = "<group>";
		};
		D119D63F1E1CCB110038E7AC /* View */ = {
			isa = PBXGroup;
			children = (
				D119D6401E1CCB600038E7AC /* EmptyView.h */,
				D119D6411E1CCB600038E7AC /* EmptyView.m */,
			);
			name = View;
			sourceTree = "<group>";
		};
		D119D6521E1CE1E80038E7AC /* categary */ = {
			isa = PBXGroup;
			children = (
				D119D6531E1CE2090038E7AC /* NSString+MD5.h */,
				D119D6541E1CE2090038E7AC /* NSString+MD5.m */,
			);
			name = categary;
			sourceTree = "<group>";
		};
		D125A40E1E1B36D000A4073A /* WebController */ = {
			isa = PBXGroup;
			children = (
				D125A4091E1B367700A4073A /* WebViewController.h */,
				D125A40A1E1B367700A4073A /* WebViewController.m */,
				D125A40B1E1B367700A4073A /* WebViewController.xib */,
				D1DEC68B1E1B766D00C2A165 /* LoginView.h */,
				D1DEC68C1E1B766D00C2A165 /* LoginView.m */,
				D1DEC68E1E1B767B00C2A165 /* LoginView.xib */,
				D17C7B461E1BAA7600A9801E /* FilteredWebCache.h */,
				D17C7B471E1BAA7600A9801E /* FilteredWebCache.m */,
			);
			name = WebController;
			sourceTree = "<group>";
		};
		D125A40F1E1B36E700A4073A /* Base */ = {
			isa = PBXGroup;
			children = (
				D18E0CD61E1F838600D98353 /* UIImage+Color.h */,
				D18E0CD71E1F838600D98353 /* UIImage+Color.m */,
				D18E0CB81E1F6E2B00D98353 /* ZFDownload */,
				D18E0CAA1E1F658700D98353 /* HSDownloadManager */,
				D119D6521E1CE1E80038E7AC /* categary */,
				D119D63F1E1CCB110038E7AC /* View */,
				D119D6291E1C9A8C0038E7AC /* Controller */,
				D17C7B3D1E1B8CD100A9801E /* tool */,
				D17C7B391E1B8BFC00A9801E /* NetWork */,
				D125A4131E1B4BC000A4073A /* Const */,
				D125A4101E1B37E500A4073A /* BaseNaviController.h */,
				D125A4111E1B37E500A4073A /* BaseNaviController.m */,
			);
			name = Base;
			sourceTree = "<group>";
		};
		D125A4131E1B4BC000A4073A /* Const */ = {
			isa = PBXGroup;
			children = (
				D125A4141E1B4BFA00A4073A /* Const.h */,
				D125A4151E1B4BFA00A4073A /* Const.m */,
			);
			name = Const;
			sourceTree = "<group>";
		};
		D17C7B391E1B8BFC00A9801E /* NetWork */ = {
			isa = PBXGroup;
			children = (
				D17C7B3A1E1B8C0500A9801E /* NetWorkManager.h */,
				D17C7B3B1E1B8C0500A9801E /* NetWorkManager.m */,
			);
			name = NetWork;
			sourceTree = "<group>";
		};
		D17C7B3D1E1B8CD100A9801E /* tool */ = {
			isa = PBXGroup;
			children = (
				D107FB3B1E2344C9000526BF /* NSDate+Reversal.h */,
				D107FB3C1E2344C9000526BF /* NSDate+Reversal.m */,
				D17C7B3E1E1B8CD900A9801E /* AppSingle.h */,
				D17C7B3F1E1B8CD900A9801E /* AppSingle.m */,
				D17C7B401E1B8CD900A9801E /* DFYGProgressHUD.h */,
				D17C7B411E1B8CD900A9801E /* DFYGProgressHUD.m */,
			);
			name = tool;
			sourceTree = "<group>";
		};
		D18E0CAA1E1F658700D98353 /* HSDownloadManager */ = {
			isa = PBXGroup;
			children = (
				D18E0CAB1E1F658700D98353 /* HSDownloadManager.h */,
				D18E0CAC1E1F658700D98353 /* HSDownloadManager.m */,
				D18E0CAD1E1F658700D98353 /* HSSessionModel.h */,
				D18E0CAE1E1F658700D98353 /* HSSessionModel.m */,
				D18E0CAF1E1F658700D98353 /* MD5 */,
			);
			path = HSDownloadManager;
			sourceTree = "<group>";
		};
		D18E0CAF1E1F658700D98353 /* MD5 */ = {
			isa = PBXGroup;
			children = (
				D18E0CB01E1F658700D98353 /* NSString+Hash.h */,
				D18E0CB11E1F658700D98353 /* NSString+Hash.m */,
			);
			path = MD5;
			sourceTree = "<group>";
		};
		D18E0CB81E1F6E2B00D98353 /* ZFDownload */ = {
			isa = PBXGroup;
			children = (
				D18E0CB91E1F6E2B00D98353 /* ZFCommonHelper.h */,
				D18E0CBA1E1F6E2B00D98353 /* ZFCommonHelper.m */,
				D18E0CBB1E1F6E2B00D98353 /* ZFDownloadDelegate.h */,
				D18E0CBC1E1F6E2B00D98353 /* ZFDownloadManager.h */,
				D18E0CBD1E1F6E2B00D98353 /* ZFDownloadManager.m */,
				D18E0CBE1E1F6E2B00D98353 /* ZFFileModel.h */,
				D18E0CBF1E1F6E2B00D98353 /* ZFFileModel.m */,
				D18E0CC01E1F6E2B00D98353 /* ZFHttpRequest.h */,
				D18E0CC11E1F6E2B00D98353 /* ZFHttpRequest.m */,
			);
			path = ZFDownload;
			sourceTree = "<group>";
		};
		D18E0CC61E1F6E4700D98353 /* Download */ = {
			isa = PBXGroup;
			children = (
				D1BAC0481E2712E700CD8833 /* DownloadVC.h */,
				D1BAC0491E2712E700CD8833 /* DownloadVC.m */,
				D18E0CC71E1F6E4700D98353 /* ZFDownloadedCell.h */,
				D18E0CC81E1F6E4700D98353 /* ZFDownloadedCell.m */,
				D18E0CD21E1F7A9500D98353 /* ZFDownloadedCell.xib */,
				D18E0CC91E1F6E4700D98353 /* ZFDownloadingCell.h */,
				D18E0CCA1E1F6E4700D98353 /* ZFDownloadingCell.m */,
				D18E0CD41E1F7C2600D98353 /* ZFDownloadingCell.xib */,
				D18E0CCB1E1F6E4700D98353 /* ZFDownloadViewController.h */,
				D18E0CCC1E1F6E4700D98353 /* ZFDownloadViewController.m */,
				D18E0CD01E1F794700D98353 /* DFDownloadViewController.xib */,
				D18E0CD91E1F840100D98353 /* PDFScanVC.h */,
				D18E0CDA1E1F840100D98353 /* PDFScanVC.m */,
				D18E0CDB1E1F840100D98353 /* PDFScanVC.xib */,
			);
			path = Download;
			sourceTree = "<group>";
		};
		D19D375C1E24728E004040DC /* TakePhoto */ = {
			isa = PBXGroup;
			children = (
				D19D378E1E2473ED004040DC /* CustomizableCamera */,
				D19D37BC1E247450004040DC /* TakePhotoViewController.h */,
				D19D37BD1E247450004040DC /* TakePhotoViewController.m */,
			);
			name = TakePhoto;
			sourceTree = "<group>";
		};
		D19D378E1E2473ED004040DC /* CustomizableCamera */ = {
			isa = PBXGroup;
			children = (
				D19D37901E2473ED004040DC /* Camera View */,
				D19D37941E2473ED004040DC /* Graphical Assets */,
				D19D37A81E2473ED004040DC /* Model Classes */,
			);
			path = CustomizableCamera;
			sourceTree = "<group>";
		};
		D19D37901E2473ED004040DC /* Camera View */ = {
			isa = PBXGroup;
			children = (
				D19D37911E2473ED004040DC /* CameraSessionView.h */,
				D19D37921E2473ED004040DC /* CameraSessionView.m */,
			);
			path = "Camera View";
			sourceTree = "<group>";
		};
		D19D37941E2473ED004040DC /* Graphical Assets */ = {
			isa = PBXGroup;
			children = (
				D19D37951E2473ED004040DC /* CameraViewComponents */,
				D19D37A21E2473ED004040DC /* Cool Camera Mockup.sketch */,
				D19D37A31E2473ED004040DC /* PaintCodeFile.pcvd */,
				D19D37A41E2473ED004040DC /* UI Assets */,
			);
			path = "Graphical Assets";
			sourceTree = "<group>";
		};
		D19D37951E2473ED004040DC /* CameraViewComponents */ = {
			isa = PBXGroup;
			children = (
				D19D37961E2473ED004040DC /* CameraDismissButton.h */,
				D19D37971E2473ED004040DC /* CameraDismissButton.m */,
				D19D37981E2473ED004040DC /* CameraFlashButton.h */,
				D19D37991E2473ED004040DC /* CameraFlashButton.m */,
				D19D379A1E2473ED004040DC /* CameraFocalReticule.h */,
				D19D379B1E2473ED004040DC /* CameraFocalReticule.m */,
				D19D379C1E2473ED004040DC /* CameraShutterButton.h */,
				D19D379D1E2473ED004040DC /* CameraShutterButton.m */,
				D19D379E1E2473ED004040DC /* CameraToggleButton.h */,
				D19D379F1E2473ED004040DC /* CameraToggleButton.m */,
				D19D37A01E2473ED004040DC /* LaunchCameraButton.h */,
				D19D37A11E2473ED004040DC /* LaunchCameraButton.m */,
			);
			path = CameraViewComponents;
			sourceTree = "<group>";
		};
		D19D37A41E2473ED004040DC /* UI Assets */ = {
			isa = PBXGroup;
			children = (
				D19D37A51E2473ED004040DC /* CameraStyleKitClass.h */,
				D19D37A61E2473ED004040DC /* CameraStyleKitClass.m */,
			);
			path = "UI Assets";
			sourceTree = "<group>";
		};
		D19D37A81E2473ED004040DC /* Model Classes */ = {
			isa = PBXGroup;
			children = (
				D19D37A91E2473ED004040DC /* CaptureSessionManager.h */,
				D19D37AA1E2473ED004040DC /* CaptureSessionManager.m */,
				D19D37AB1E2473ED004040DC /* Constants.h */,
				D19D37AC1E2473ED004040DC /* Constants.m */,
			);
			path = "Model Classes";
			sourceTree = "<group>";
		};
		D1A2A7851E135772007A978B = {
			isa = PBXGroup;
			children = (
				D1A2A7901E135772007A978B /* FindBusiness */,
				D1A2A7AA1E135772007A978B /* FindBusinessTests */,
				D1A2A7B51E135772007A978B /* FindBusinessUITests */,
				D1A2A78F1E135772007A978B /* Products */,
				D4B94BCA02922E078CC77DB7 /* Pods */,
				62B91255C5E5C764FB4C4461 /* Frameworks */,
			);
			sourceTree = "<group>";
		};
		D1A2A78F1E135772007A978B /* Products */ = {
			isa = PBXGroup;
			children = (
				D1A2A78E1E135772007A978B /* FindBusiness.app */,
				D1A2A7A71E135772007A978B /* FindBusinessTests.xctest */,
				D1A2A7B21E135772007A978B /* FindBusinessUITests.xctest */,
			);
			name = Products;
			sourceTree = "<group>";
		};
		D1A2A7901E135772007A978B /* FindBusiness */ = {
			isa = PBXGroup;
			children = (
				D1A2A7941E135772007A978B /* AppDelegate.h */,
				D1A2A7951E135772007A978B /* AppDelegate.m */,
				D1A2A7971E135772007A978B /* ViewController.h */,
				D1A2A7981E135772007A978B /* ViewController.m */,
				D1A2A79A1E135772007A978B /* Main.storyboard */,
				D1A2A7CC1E135C32007A978B /* Main */,
				D1A2A7CB1E135C2D007A978B /* SDK */,
				D1A2A7CA1E135C26007A978B /* Resources */,
				D1A2A79D1E135772007A978B /* Assets.xcassets */,
				D1A2A79F1E135772007A978B /* LaunchScreen.storyboard */,
				D1A2A7A21E135772007A978B /* Info.plist */,
				D1A2A7911E135772007A978B /* Supporting Files */,
			);
			path = FindBusiness;
			sourceTree = "<group>";
		};
		D1A2A7911E135772007A978B /* Supporting Files */ = {
			isa = PBXGroup;
			children = (
				D1A2A7921E135772007A978B /* main.m */,
				D125A4171E1B4E7300A4073A /* PrefixHeader.pch */,
			);
			name = "Supporting Files";
			sourceTree = "<group>";
		};
		D1A2A7AA1E135772007A978B /* FindBusinessTests */ = {
			isa = PBXGroup;
			children = (
				D1A2A7AB1E135772007A978B /* FindBusinessTests.m */,
				D1A2A7AD1E135772007A978B /* Info.plist */,
			);
			path = FindBusinessTests;
			sourceTree = "<group>";
		};
		D1A2A7B51E135772007A978B /* FindBusinessUITests */ = {
			isa = PBXGroup;
			children = (
				D1A2A7B61E135772007A978B /* FindBusinessUITests.m */,
				D1A2A7B81E135772007A978B /* Info.plist */,
			);
			path = FindBusinessUITests;
			sourceTree = "<group>";
		};
		D1A2A7CA1E135C26007A978B /* Resources */ = {
			isa = PBXGroup;
			children = (
			);
			path = Resources;
			sourceTree = "<group>";
		};
		D1A2A7CB1E135C2D007A978B /* SDK */ = {
			isa = PBXGroup;
			children = (
			);
			path = SDK;
			sourceTree = "<group>";
		};
		D1A2A7CC1E135C32007A978B /* Main */ = {
			isa = PBXGroup;
			children = (
				D107FB2B1E2323AA000526BF /* BusinessManager */,
				D18E0CC61E1F6E4700D98353 /* Download */,
				D125A40E1E1B36D000A4073A /* WebController */,
				D125A40F1E1B36E700A4073A /* Base */,
			);
			path = Main;
			sourceTree = "<group>";
		};
		D4B94BCA02922E078CC77DB7 /* Pods */ = {
			isa = PBXGroup;
			children = (
				E4A8DE42143CD55C50F27078 /* Pods-FindBusiness.debug.xcconfig */,
				65EDFAF2FF03B789EBBA22A9 /* Pods-FindBusiness.release.xcconfig */,
			);
			name = Pods;
			sourceTree = "<group>";
		};
/* End PBXGroup section */

/* Begin PBXNativeTarget section */
		D1A2A78D1E135772007A978B /* FindBusiness */ = {
			isa = PBXNativeTarget;
			buildConfigurationList = D1A2A7BB1E135772007A978B /* Build configuration list for PBXNativeTarget "FindBusiness" */;
			buildPhases = (
				43E867E642FCCD88B8D0E3C2 /* [CP] Check Pods Manifest.lock */,
				D1A2A78A1E135772007A978B /* Sources */,
				D1A2A78B1E135772007A978B /* Frameworks */,
				D1A2A78C1E135772007A978B /* Resources */,
				2DCAC8725FEA220388A0DF5A /* [CP] Embed Pods Frameworks */,
				CFA9FDC53545A69E537FBAAE /* [CP] Copy Pods Resources */,
			);
			buildRules = (
			);
			dependencies = (
			);
			name = FindBusiness;
			productName = FindBusiness;
			productReference = D1A2A78E1E135772007A978B /* FindBusiness.app */;
			productType = "com.apple.product-type.application";
		};
		D1A2A7A61E135772007A978B /* FindBusinessTests */ = {
			isa = PBXNativeTarget;
			buildConfigurationList = D1A2A7BE1E135772007A978B /* Build configuration list for PBXNativeTarget "FindBusinessTests" */;
			buildPhases = (
				D1A2A7A31E135772007A978B /* Sources */,
				D1A2A7A41E135772007A978B /* Frameworks */,
				D1A2A7A51E135772007A978B /* Resources */,
			);
			buildRules = (
			);
			dependencies = (
				D1A2A7A91E135772007A978B /* PBXTargetDependency */,
			);
			name = FindBusinessTests;
			productName = FindBusinessTests;
			productReference = D1A2A7A71E135772007A978B /* FindBusinessTests.xctest */;
			productType = "com.apple.product-type.bundle.unit-test";
		};
		D1A2A7B11E135772007A978B /* FindBusinessUITests */ = {
			isa = PBXNativeTarget;
			buildConfigurationList = D1A2A7C11E135772007A978B /* Build configuration list for PBXNativeTarget "FindBusinessUITests" */;
			buildPhases = (
				D1A2A7AE1E135772007A978B /* Sources */,
				D1A2A7AF1E135772007A978B /* Frameworks */,
				D1A2A7B01E135772007A978B /* Resources */,
			);
			buildRules = (
			);
			dependencies = (
				D1A2A7B41E135772007A978B /* PBXTargetDependency */,
			);
			name = FindBusinessUITests;
			productName = FindBusinessUITests;
			productReference = D1A2A7B21E135772007A978B /* FindBusinessUITests.xctest */;
			productType = "com.apple.product-type.bundle.ui-testing";
		};
/* End PBXNativeTarget section */

/* Begin PBXProject section */
		D1A2A7861E135772007A978B /* Project object */ = {
			isa = PBXProject;
			attributes = {
				LastUpgradeCheck = 0820;
				ORGANIZATIONNAME = DFYG_YF3;
				TargetAttributes = {
					D1A2A78D1E135772007A978B = {
						CreatedOnToolsVersion = 8.2.1;
						DevelopmentTeam = EYN7J4KXM9;
						ProvisioningStyle = Automatic;
					};
					D1A2A7A61E135772007A978B = {
						CreatedOnToolsVersion = 8.2.1;
						DevelopmentTeam = EYN7J4KXM9;
						ProvisioningStyle = Automatic;
						TestTargetID = D1A2A78D1E135772007A978B;
					};
					D1A2A7B11E135772007A978B = {
						CreatedOnToolsVersion = 8.2.1;
						DevelopmentTeam = EYN7J4KXM9;
						ProvisioningStyle = Automatic;
						TestTargetID = D1A2A78D1E135772007A978B;
					};
				};
			};
			buildConfigurationList = D1A2A7891E135772007A978B /* Build configuration list for PBXProject "FindBusiness" */;
			compatibilityVersion = "Xcode 3.2";
			developmentRegion = English;
			hasScannedForEncodings = 0;
			knownRegions = (
				en,
				Base,
			);
			mainGroup = D1A2A7851E135772007A978B;
			productRefGroup = D1A2A78F1E135772007A978B /* Products */;
			projectDirPath = "";
			projectRoot = "";
			targets = (
				D1A2A78D1E135772007A978B /* FindBusiness */,
				D1A2A7A61E135772007A978B /* FindBusinessTests */,
				D1A2A7B11E135772007A978B /* FindBusinessUITests */,
			);
		};
/* End PBXProject section */

/* Begin PBXResourcesBuildPhase section */
		D1A2A78C1E135772007A978B /* Resources */ = {
			isa = PBXResourcesBuildPhase;
			buildActionMask = 2147483647;
			files = (
				D1AB4F661E25E636008D6A90 /* ScanViewHeader.xib in Resources */,
				D1BAC04F1E27355D00CD8833 /* UploadViewController.xib in Resources */,
				D107FB301E2323DC000526BF /* BusinessManagerViewController.xib in Resources */,
				D19D37B71E2473ED004040DC /* PaintCodeFile.pcvd in Resources */,
				D1A2A7A11E135772007A978B /* LaunchScreen.storyboard in Resources */,
				D18E0CD11E1F794700D98353 /* DFDownloadViewController.xib in Resources */,
				D18E0CD51E1F7C2600D98353 /* ZFDownloadingCell.xib in Resources */,
				D175270E1E2639AA000135CE /* View.xib in Resources */,
				D107FB351E232480000526BF /* BusinessCell.xib in Resources */,
				D1A2A79E1E135772007A978B /* Assets.xcassets in Resources */,
				D107FB8E1E238A13000526BF /* MenuView.xib in Resources */,
				D1A2A79C1E135772007A978B /* Main.storyboard in Resources */,
				D1DEC68F1E1B767B00C2A165 /* LoginView.xib in Resources */,
				D107FB951E238F30000526BF /* ScanViewController.xib in Resources */,
				D107FB3A1E232918000526BF /* CreatBusinessVC.xib in Resources */,
				D125A40D1E1B367700A4073A /* WebViewController.xib in Resources */,
				D18E0CDD1E1F840100D98353 /* PDFScanVC.xib in Resources */,
				D107FB9A1E239219000526BF /* AlbumCollectionCell.xib in Resources */,
				D19D37B61E2473ED004040DC /* Cool Camera Mockup.sketch in Resources */,
				D18E0CD31E1F7A9500D98353 /* ZFDownloadedCell.xib in Resources */,
			);
			runOnlyForDeploymentPostprocessing = 0;
		};
		D1A2A7A51E135772007A978B /* Resources */ = {
			isa = PBXResourcesBuildPhase;
			buildActionMask = 2147483647;
			files = (
			);
			runOnlyForDeploymentPostprocessing = 0;
		};
		D1A2A7B01E135772007A978B /* Resources */ = {
			isa = PBXResourcesBuildPhase;
			buildActionMask = 2147483647;
			files = (
			);
			runOnlyForDeploymentPostprocessing = 0;
		};
/* End PBXResourcesBuildPhase section */

/* Begin PBXShellScriptBuildPhase section */
		2DCAC8725FEA220388A0DF5A /* [CP] Embed Pods Frameworks */ = {
			isa = PBXShellScriptBuildPhase;
			buildActionMask = 2147483647;
			files = (
			);
			inputPaths = (
			);
			name = "[CP] Embed Pods Frameworks";
			outputPaths = (
			);
			runOnlyForDeploymentPostprocessing = 0;
			shellPath = /bin/sh;
			shellScript = "\"${SRCROOT}/Pods/Target Support Files/Pods-FindBusiness/Pods-FindBusiness-frameworks.sh\"\n";
			showEnvVarsInLog = 0;
		};
		43E867E642FCCD88B8D0E3C2 /* [CP] Check Pods Manifest.lock */ = {
			isa = PBXShellScriptBuildPhase;
			buildActionMask = 2147483647;
			files = (
			);
			inputPaths = (
			);
			name = "[CP] Check Pods Manifest.lock";
			outputPaths = (
			);
			runOnlyForDeploymentPostprocessing = 0;
			shellPath = /bin/sh;
			shellScript = "diff \"${PODS_ROOT}/../Podfile.lock\" \"${PODS_ROOT}/Manifest.lock\" > /dev/null\nif [ $? != 0 ] ; then\n    # print error to STDERR\n    echo \"error: The sandbox is not in sync with the Podfile.lock. Run 'pod install' or update your CocoaPods installation.\" >&2\n    exit 1\nfi\n";
			showEnvVarsInLog = 0;
		};
		CFA9FDC53545A69E537FBAAE /* [CP] Copy Pods Resources */ = {
			isa = PBXShellScriptBuildPhase;
			buildActionMask = 2147483647;
			files = (
			);
			inputPaths = (
			);
			name = "[CP] Copy Pods Resources";
			outputPaths = (
			);
			runOnlyForDeploymentPostprocessing = 0;
			shellPath = /bin/sh;
			shellScript = "\"${SRCROOT}/Pods/Target Support Files/Pods-FindBusiness/Pods-FindBusiness-resources.sh\"\n";
			showEnvVarsInLog = 0;
		};
/* End PBXShellScriptBuildPhase section */

/* Begin PBXSourcesBuildPhase section */
		D1A2A78A1E135772007A978B /* Sources */ = {
			isa = PBXSourcesBuildPhase;
			buildActionMask = 2147483647;
			files = (
				D19D37B11E2473ED004040DC /* CameraFlashButton.m in Sources */,
				D18E0CC21E1F6E2B00D98353 /* ZFCommonHelper.m in Sources */,
				D18E0CC31E1F6E2B00D98353 /* ZFDownloadManager.m in Sources */,
				D19D37B21E2473ED004040DC /* CameraFocalReticule.m in Sources */,
				D1AB4F651E25E636008D6A90 /* ScanViewHeader.m in Sources */,
				D18E0CB21E1F658700D98353 /* HSDownloadManager.m in Sources */,
				D1BAC04A1E2712E700CD8833 /* DownloadVC.m in Sources */,
				D19D37BB1E2473ED004040DC /* Constants.m in Sources */,
				D17C7B3C1E1B8C0500A9801E /* NetWorkManager.m in Sources */,
				D18E0CCE1E1F6E4700D98353 /* ZFDownloadingCell.m in Sources */,
				D107FB8C1E238A05000526BF /* MenuView.m in Sources */,
				D18E0CB31E1F658700D98353 /* HSSessionModel.m in Sources */,
				D119D6421E1CCB600038E7AC /* EmptyView.m in Sources */,
				D1A2A7991E135772007A978B /* ViewController.m in Sources */,
				D19D37B01E2473ED004040DC /* CameraDismissButton.m in Sources */,
				D119D6341E1C9BA80038E7AC /* UIKit+BaseExtension.m in Sources */,
				D18E0CCD1E1F6E4700D98353 /* ZFDownloadedCell.m in Sources */,
				D107FB941E238F30000526BF /* ScanViewController.m in Sources */,
				D18E0CDC1E1F840100D98353 /* PDFScanVC.m in Sources */,
				D18E0CCF1E1F6E4700D98353 /* ZFDownloadViewController.m in Sources */,
				D18E0CC41E1F6E2B00D98353 /* ZFFileModel.m in Sources */,
				D19D37B41E2473ED004040DC /* CameraToggleButton.m in Sources */,
				D18E0CC51E1F6E2B00D98353 /* ZFHttpRequest.m in Sources */,
				D17C7B431E1B8CD900A9801E /* DFYGProgressHUD.m in Sources */,
				D17C7B481E1BAA7600A9801E /* FilteredWebCache.m in Sources */,
				D18E0CD81E1F838600D98353 /* UIImage+Color.m in Sources */,
				D107FB841E237C1C000526BF /* FileManager.m in Sources */,
				D125A4121E1B37E500A4073A /* BaseNaviController.m in Sources */,
				D175270C1E2639A1000135CE /* ExampleView.m in Sources */,
				D119D6311E1C9AD50038E7AC /* BaseScrollView.m in Sources */,
				D1BAC04E1E27355D00CD8833 /* UploadViewController.m in Sources */,
				D19D37BE1E247450004040DC /* TakePhotoViewController.m in Sources */,
				D1DEC68D1E1B766D00C2A165 /* LoginView.m in Sources */,
				D1A2A7961E135772007A978B /* AppDelegate.m in Sources */,
				D125A4161E1B4BFA00A4073A /* Const.m in Sources */,
				D107FB391E232918000526BF /* CreatBusinessVC.m in Sources */,
				D107FB2F1E2323DC000526BF /* BusinessManagerViewController.m in Sources */,
				D19D37AE1E2473ED004040DC /* CameraSessionView.m in Sources */,
				D19D37B81E2473ED004040DC /* CameraStyleKitClass.m in Sources */,
				D107FB341E232480000526BF /* BusinessCell.m in Sources */,
				D18E0CB41E1F658700D98353 /* NSString+Hash.m in Sources */,
				D19D37B31E2473ED004040DC /* CameraShutterButton.m in Sources */,
				D107FB3D1E2344C9000526BF /* NSDate+Reversal.m in Sources */,
				D19D37B51E2473ED004040DC /* LaunchCameraButton.m in Sources */,
				D17C7B421E1B8CD900A9801E /* AppSingle.m in Sources */,
				D119D62E1E1C9A9F0038E7AC /* BaseSliderController.m in Sources */,
				D1A2A7931E135772007A978B /* main.m in Sources */,
				D19D37BA1E2473ED004040DC /* CaptureSessionManager.m in Sources */,
				D107FB991E239219000526BF /* AlbumCollectionCell.m in Sources */,
				D125A40C1E1B367700A4073A /* WebViewController.m in Sources */,
				D119D6551E1CE2090038E7AC /* NSString+MD5.m in Sources */,
			);
			runOnlyForDeploymentPostprocessing = 0;
		};
		D1A2A7A31E135772007A978B /* Sources */ = {
			isa = PBXSourcesBuildPhase;
			buildActionMask = 2147483647;
			files = (
				D1A2A7AC1E135772007A978B /* FindBusinessTests.m in Sources */,
			);
			runOnlyForDeploymentPostprocessing = 0;
		};
		D1A2A7AE1E135772007A978B /* Sources */ = {
			isa = PBXSourcesBuildPhase;
			buildActionMask = 2147483647;
			files = (
				D1A2A7B71E135772007A978B /* FindBusinessUITests.m in Sources */,
			);
			runOnlyForDeploymentPostprocessing = 0;
		};
/* End PBXSourcesBuildPhase section */

/* Begin PBXTargetDependency section */
		D1A2A7A91E135772007A978B /* PBXTargetDependency */ = {
			isa = PBXTargetDependency;
			target = D1A2A78D1E135772007A978B /* FindBusiness */;
			targetProxy = D1A2A7A81E135772007A978B /* PBXContainerItemProxy */;
		};
		D1A2A7B41E135772007A978B /* PBXTargetDependency */ = {
			isa = PBXTargetDependency;
			target = D1A2A78D1E135772007A978B /* FindBusiness */;
			targetProxy = D1A2A7B31E135772007A978B /* PBXContainerItemProxy */;
		};
/* End PBXTargetDependency section */

/* Begin PBXVariantGroup section */
		D1A2A79A1E135772007A978B /* Main.storyboard */ = {
			isa = PBXVariantGroup;
			children = (
				D1A2A79B1E135772007A978B /* Base */,
			);
			name = Main.storyboard;
			sourceTree = "<group>";
		};
		D1A2A79F1E135772007A978B /* LaunchScreen.storyboard */ = {
			isa = PBXVariantGroup;
			children = (
				D1A2A7A01E135772007A978B /* Base */,
			);
			name = LaunchScreen.storyboard;
			sourceTree = "<group>";
		};
/* End PBXVariantGroup section */

/* Begin XCBuildConfiguration section */
		D1A2A7B91E135772007A978B /* Debug */ = {
			isa = XCBuildConfiguration;
			buildSettings = {
				ALWAYS_SEARCH_USER_PATHS = NO;
				CLANG_ANALYZER_NONNULL = YES;
				CLANG_CXX_LANGUAGE_STANDARD = "gnu++0x";
				CLANG_CXX_LIBRARY = "libc++";
				CLANG_ENABLE_MODULES = YES;
				CLANG_ENABLE_OBJC_ARC = YES;
				CLANG_WARN_BOOL_CONVERSION = YES;
				CLANG_WARN_CONSTANT_CONVERSION = YES;
				CLANG_WARN_DIRECT_OBJC_ISA_USAGE = YES_ERROR;
				CLANG_WARN_DOCUMENTATION_COMMENTS = YES;
				CLANG_WARN_EMPTY_BODY = YES;
				CLANG_WARN_ENUM_CONVERSION = YES;
				CLANG_WARN_INFINITE_RECURSION = YES;
				CLANG_WARN_INT_CONVERSION = YES;
				CLANG_WARN_OBJC_ROOT_CLASS = YES_ERROR;
				CLANG_WARN_SUSPICIOUS_MOVE = YES;
				CLANG_WARN_UNREACHABLE_CODE = YES;
				CLANG_WARN__DUPLICATE_METHOD_MATCH = YES;
				"CODE_SIGN_IDENTITY[sdk=iphoneos*]" = "iPhone Developer";
				COPY_PHASE_STRIP = NO;
				DEBUG_INFORMATION_FORMAT = dwarf;
				ENABLE_STRICT_OBJC_MSGSEND = YES;
				ENABLE_TESTABILITY = YES;
				GCC_C_LANGUAGE_STANDARD = gnu99;
				GCC_DYNAMIC_NO_PIC = NO;
				GCC_NO_COMMON_BLOCKS = YES;
				GCC_OPTIMIZATION_LEVEL = 0;
				GCC_PREPROCESSOR_DEFINITIONS = (
					"DEBUG=1",
					"$(inherited)",
				);
				GCC_WARN_64_TO_32_BIT_CONVERSION = YES;
				GCC_WARN_ABOUT_RETURN_TYPE = YES_ERROR;
				GCC_WARN_UNDECLARED_SELECTOR = YES;
				GCC_WARN_UNINITIALIZED_AUTOS = YES_AGGRESSIVE;
				GCC_WARN_UNUSED_FUNCTION = YES;
				GCC_WARN_UNUSED_VARIABLE = YES;
				IPHONEOS_DEPLOYMENT_TARGET = 10.2;
				MTL_ENABLE_DEBUG_INFO = YES;
				ONLY_ACTIVE_ARCH = YES;
				SDKROOT = iphoneos;
				TARGETED_DEVICE_FAMILY = "1,2";
			};
			name = Debug;
		};
		D1A2A7BA1E135772007A978B /* Release */ = {
			isa = XCBuildConfiguration;
			buildSettings = {
				ALWAYS_SEARCH_USER_PATHS = NO;
				CLANG_ANALYZER_NONNULL = YES;
				CLANG_CXX_LANGUAGE_STANDARD = "gnu++0x";
				CLANG_CXX_LIBRARY = "libc++";
				CLANG_ENABLE_MODULES = YES;
				CLANG_ENABLE_OBJC_ARC = YES;
				CLANG_WARN_BOOL_CONVERSION = YES;
				CLANG_WARN_CONSTANT_CONVERSION = YES;
				CLANG_WARN_DIRECT_OBJC_ISA_USAGE = YES_ERROR;
				CLANG_WARN_DOCUMENTATION_COMMENTS = YES;
				CLANG_WARN_EMPTY_BODY = YES;
				CLANG_WARN_ENUM_CONVERSION = YES;
				CLANG_WARN_INFINITE_RECURSION = YES;
				CLANG_WARN_INT_CONVERSION = YES;
				CLANG_WARN_OBJC_ROOT_CLASS = YES_ERROR;
				CLANG_WARN_SUSPICIOUS_MOVE = YES;
				CLANG_WARN_UNREACHABLE_CODE = YES;
				CLANG_WARN__DUPLICATE_METHOD_MATCH = YES;
				"CODE_SIGN_IDENTITY[sdk=iphoneos*]" = "iPhone Developer";
				COPY_PHASE_STRIP = NO;
				DEBUG_INFORMATION_FORMAT = "dwarf-with-dsym";
				ENABLE_NS_ASSERTIONS = NO;
				ENABLE_STRICT_OBJC_MSGSEND = YES;
				GCC_C_LANGUAGE_STANDARD = gnu99;
				GCC_NO_COMMON_BLOCKS = YES;
				GCC_WARN_64_TO_32_BIT_CONVERSION = YES;
				GCC_WARN_ABOUT_RETURN_TYPE = YES_ERROR;
				GCC_WARN_UNDECLARED_SELECTOR = YES;
				GCC_WARN_UNINITIALIZED_AUTOS = YES_AGGRESSIVE;
				GCC_WARN_UNUSED_FUNCTION = YES;
				GCC_WARN_UNUSED_VARIABLE = YES;
				IPHONEOS_DEPLOYMENT_TARGET = 10.2;
				MTL_ENABLE_DEBUG_INFO = NO;
				SDKROOT = iphoneos;
				TARGETED_DEVICE_FAMILY = "1,2";
				VALIDATE_PRODUCT = YES;
			};
			name = Release;
		};
		D1A2A7BC1E135772007A978B /* Debug */ = {
			isa = XCBuildConfiguration;
			baseConfigurationReference = E4A8DE42143CD55C50F27078 /* Pods-FindBusiness.debug.xcconfig */;
			buildSettings = {
				ASSETCATALOG_COMPILER_APPICON_NAME = AppIcon;
				DEVELOPMENT_TEAM = EYN7J4KXM9;
				GCC_PREFIX_HEADER = "/Users/xingkonghao/Desktop/练习/Object-C/FindBusiness/FindBusiness/PrefixHeader.pch";
				INFOPLIST_FILE = FindBusiness/Info.plist;
				LD_RUNPATH_SEARCH_PATHS = "$(inherited) @executable_path/Frameworks";
				PRODUCT_BUNDLE_IDENTIFIER = com.FindBusiness.www;
				PRODUCT_NAME = "$(TARGET_NAME)";
			};
			name = Debug;
		};
		D1A2A7BD1E135772007A978B /* Release */ = {
			isa = XCBuildConfiguration;
			baseConfigurationReference = 65EDFAF2FF03B789EBBA22A9 /* Pods-FindBusiness.release.xcconfig */;
			buildSettings = {
				ASSETCATALOG_COMPILER_APPICON_NAME = AppIcon;
				DEVELOPMENT_TEAM = EYN7J4KXM9;
				GCC_PREFIX_HEADER = "/Users/xingkonghao/Desktop/练习/Object-C/FindBusiness/FindBusiness/PrefixHeader.pch";
				INFOPLIST_FILE = FindBusiness/Info.plist;
				LD_RUNPATH_SEARCH_PATHS = "$(inherited) @executable_path/Frameworks";
				PRODUCT_BUNDLE_IDENTIFIER = com.FindBusiness.www;
				PRODUCT_NAME = "$(TARGET_NAME)";
			};
			name = Release;
		};
		D1A2A7BF1E135772007A978B /* Debug */ = {
			isa = XCBuildConfiguration;
			buildSettings = {
				BUNDLE_LOADER = "$(TEST_HOST)";
				DEVELOPMENT_TEAM = EYN7J4KXM9;
				INFOPLIST_FILE = FindBusinessTests/Info.plist;
				LD_RUNPATH_SEARCH_PATHS = "$(inherited) @executable_path/Frameworks @loader_path/Frameworks";
				PRODUCT_BUNDLE_IDENTIFIER = com.dongfangyingu.FindBusinessTests;
				PRODUCT_NAME = "$(TARGET_NAME)";
				TEST_HOST = "$(BUILT_PRODUCTS_DIR)/FindBusiness.app/FindBusiness";
			};
			name = Debug;
		};
		D1A2A7C01E135772007A978B /* Release */ = {
			isa = XCBuildConfiguration;
			buildSettings = {
				BUNDLE_LOADER = "$(TEST_HOST)";
				DEVELOPMENT_TEAM = EYN7J4KXM9;
				INFOPLIST_FILE = FindBusinessTests/Info.plist;
				LD_RUNPATH_SEARCH_PATHS = "$(inherited) @executable_path/Frameworks @loader_path/Frameworks";
				PRODUCT_BUNDLE_IDENTIFIER = com.dongfangyingu.FindBusinessTests;
				PRODUCT_NAME = "$(TARGET_NAME)";
				TEST_HOST = "$(BUILT_PRODUCTS_DIR)/FindBusiness.app/FindBusiness";
			};
			name = Release;
		};
		D1A2A7C21E135772007A978B /* Debug */ = {
			isa = XCBuildConfiguration;
			buildSettings = {
				DEVELOPMENT_TEAM = EYN7J4KXM9;
				INFOPLIST_FILE = FindBusinessUITests/Info.plist;
				LD_RUNPATH_SEARCH_PATHS = "$(inherited) @executable_path/Frameworks @loader_path/Frameworks";
				PRODUCT_BUNDLE_IDENTIFIER = com.dongfangyingu.FindBusinessUITests;
				PRODUCT_NAME = "$(TARGET_NAME)";
				TEST_TARGET_NAME = FindBusiness;
			};
			name = Debug;
		};
		D1A2A7C31E135772007A978B /* Release */ = {
			isa = XCBuildConfiguration;
			buildSettings = {
				DEVELOPMENT_TEAM = EYN7J4KXM9;
				INFOPLIST_FILE = FindBusinessUITests/Info.plist;
				LD_RUNPATH_SEARCH_PATHS = "$(inherited) @executable_path/Frameworks @loader_path/Frameworks";
				PRODUCT_BUNDLE_IDENTIFIER = com.dongfangyingu.FindBusinessUITests;
				PRODUCT_NAME = "$(TARGET_NAME)";
				TEST_TARGET_NAME = FindBusiness;
			};
			name = Release;
		};
/* End XCBuildConfiguration section */

/* Begin XCConfigurationList section */
		D1A2A7891E135772007A978B /* Build configuration list for PBXProject "FindBusiness" */ = {
			isa = XCConfigurationList;
			buildConfigurations = (
				D1A2A7B91E135772007A978B /* Debug */,
				D1A2A7BA1E135772007A978B /* Release */,
			);
			defaultConfigurationIsVisible = 0;
			defaultConfigurationName = Release;
		};
		D1A2A7BB1E135772007A978B /* Build configuration list for PBXNativeTarget "FindBusiness" */ = {
			isa = XCConfigurationList;
			buildConfigurations = (
				D1A2A7BC1E135772007A978B /* Debug */,
				D1A2A7BD1E135772007A978B /* Release */,
			);
			defaultConfigurationIsVisible = 0;
			defaultConfigurationName = Release;
		};
		D1A2A7BE1E135772007A978B /* Build configuration list for PBXNativeTarget "FindBusinessTests" */ = {
			isa = XCConfigurationList;
			buildConfigurations = (
				D1A2A7BF1E135772007A978B /* Debug */,
				D1A2A7C01E135772007A978B /* Release */,
			);
			defaultConfigurationIsVisible = 0;
			defaultConfigurationName = Release;
		};
		D1A2A7C11E135772007A978B /* Build configuration list for PBXNativeTarget "FindBusinessUITests" */ = {
			isa = XCConfigurationList;
			buildConfigurations = (
				D1A2A7C21E135772007A978B /* Debug */,
				D1A2A7C31E135772007A978B /* Release */,
			);
			defaultConfigurationIsVisible = 0;
			defaultConfigurationName = Release;
		};
/* End XCConfigurationList section */
	};
	rootObject = D1A2A7861E135772007A978B /* Project object */;
}
